{
  "name": "placebo-npm",
  "version": "0.0.1",
  "lockfileVersion": 1,
  "requires": true,
  "dependencies": {
    "optparse": {
      "version": "1.0.5",
      "resolved": "https://registry.npmjs.org/optparse/-/optparse-1.0.5.tgz",
      "integrity": "sha1-dedallBmEescZbqJAY/wipgeLBY="
    },
    "slasp": {
      "version": "0.0.4",
      "resolved": "https://registry.npmjs.org/slasp/-/slasp-0.0.4.tgz",
      "integrity": "sha1-mtwm7nKaD5UJWFGlSJ+HpSWNV6k="
    }
  }
}
